
Microsoft Visual Studio Solution File, Format Version 12.00
# Visual Studio Version 17
VisualStudioVersion = 17.13.35806.99
MinimumVisualStudioVersion = 10.0.40219.1
Project("{FAE04EC0-301F-11D3-BF4B-00C04F79EFBC}") = "Mimari1.Entities", "Mimari1.Entities\Mimari1.Entities.csproj", "{C46EA332-C691-4816-A402-88FE22AAD1B6}"
EndProject
Project("{FAE04EC0-301F-11D3-BF4B-00C04F79EFBC}") = "Mimari1.Dal", "Mimari1.Dal\Mimari1.Dal.csproj", "{1A1344F1-75B2-4AD9-B168-A12F32DFF11A}"
EndProject
Project("{FAE04EC0-301F-11D3-BF4B-00C04F79EFBC}") = "Mimari1.Core", "Mimari1.Core\Mimari1.Core.csproj", "{0B9BFEA8-363C-4FF7-A4E7-47F7839A3D10}"
EndProject
Project("{FAE04EC0-301F-11D3-BF4B-00C04F79EFBC}") = "Mimari1.Business", "Mimari1.Business\Mimari1.Business.csproj", "{7CEFB5DB-CC06-4636-BD6A-55BFE74EFF87}"
EndProject
Project("{FAE04EC0-301F-11D3-BF4B-00C04F79EFBC}") = "MimariKullananApi", "MimariKullananApi\MimariKullananApi.csproj", "{156403BF-33FB-424B-B4F7-4F7F9DBF40D7}"
EndProject
Global
	GlobalSection(SolutionConfigurationPlatforms) = preSolution
		Debug|Any CPU = Debug|Any CPU
		Release|Any CPU = Release|Any CPU
	EndGlobalSection
	GlobalSection(ProjectConfigurationPlatforms) = postSolution
		{C46EA332-C691-4816-A402-88FE22AAD1B6}.Debug|Any CPU.ActiveCfg = Debug|Any CPU
		{C46EA332-C691-4816-A402-88FE22AAD1B6}.Debug|Any CPU.Build.0 = Debug|Any CPU
		{C46EA332-C691-4816-A402-88FE22AAD1B6}.Release|Any CPU.ActiveCfg = Release|Any CPU
		{C46EA332-C691-4816-A402-88FE22AAD1B6}.Release|Any CPU.Build.0 = Release|Any CPU
		{1A1344F1-75B2-4AD9-B168-A12F32DFF11A}.Debug|Any CPU.ActiveCfg = Debug|Any CPU
		{1A1344F1-75B2-4AD9-B168-A12F32DFF11A}.Debug|Any CPU.Build.0 = Debug|Any CPU
		{1A1344F1-75B2-4AD9-B168-A12F32DFF11A}.Release|Any CPU.ActiveCfg = Release|Any CPU
		{1A1344F1-75B2-4AD9-B168-A12F32DFF11A}.Release|Any CPU.Build.0 = Release|Any CPU
		{0B9BFEA8-363C-4FF7-A4E7-47F7839A3D10}.Debug|Any CPU.ActiveCfg = Debug|Any CPU
		{0B9BFEA8-363C-4FF7-A4E7-47F7839A3D10}.Debug|Any CPU.Build.0 = Debug|Any CPU
		{0B9BFEA8-363C-4FF7-A4E7-47F7839A3D10}.Release|Any CPU.ActiveCfg = Release|Any CPU
		{0B9BFEA8-363C-4FF7-A4E7-47F7839A3D10}.Release|Any CPU.Build.0 = Release|Any CPU
		{7CEFB5DB-CC06-4636-BD6A-55BFE74EFF87}.Debug|Any CPU.ActiveCfg = Debug|Any CPU
		{7CEFB5DB-CC06-4636-BD6A-55BFE74EFF87}.Debug|Any CPU.Build.0 = Debug|Any CPU
		{7CEFB5DB-CC06-4636-BD6A-55BFE74EFF87}.Release|Any CPU.ActiveCfg = Release|Any CPU
		{7CEFB5DB-CC06-4636-BD6A-55BFE74EFF87}.Release|Any CPU.Build.0 = Release|Any CPU
		{156403BF-33FB-424B-B4F7-4F7F9DBF40D7}.Debug|Any CPU.ActiveCfg = Debug|Any CPU
		{156403BF-33FB-424B-B4F7-4F7F9DBF40D7}.Debug|Any CPU.Build.0 = Debug|Any CPU
		{156403BF-33FB-424B-B4F7-4F7F9DBF40D7}.Release|Any CPU.ActiveCfg = Release|Any CPU
		{156403BF-33FB-424B-B4F7-4F7F9DBF40D7}.Release|Any CPU.Build.0 = Release|Any CPU
	EndGlobalSection
	GlobalSection(SolutionProperties) = preSolution
		HideSolutionNode = FALSE
	EndGlobalSection
	GlobalSection(ExtensibilityGlobals) = postSolution
		SolutionGuid = {465C8424-0E88-4B32-B6BC-CD2ADE63F100}
	EndGlobalSection
EndGlobal
